github.com/yanFajR/go-say-hello v1.0.0 h1:VIrWd0uyQWZsNiZZ+xIT/I6SHcP+i1yCvau7RRKD8fM=
github.com/yanFajR/go-say-hello v1.0.0/go.mod h1:8PuY9YbzyY/adDHH7sP7v8Ku+mL1jD79hDXXIT57+0s=
github.com/yanFajR/go-say-hello v1.5.0 h1:C1j1LmdUNq03HVBJ4QGo5I2gC/u7gj7bttOzlzypqkI=
github.com/yanFajR/go-say-hello v1.5.0/go.mod h1:8PuY9YbzyY/adDHH7sP7v8Ku+mL1jD79hDXXIT57+0s=
github.com/yanFajR/go-say-hello/v2 v2.0.0 h1:qjSstwyBxTx2Hllbyk8w7lCX2FrGkKejMxiA4DlCl4Q=
github.com/yanFajR/go-say-hello/v2 v2.0.0/go.mod h1:I39qQRaTSWByDGTW+68ZkcYWk0+vJIL6IhXhs9fugCo=
